# @generated - this file is auto-generated by `mise lock` https://mise.jdx.dev/dev-tools/mise-lock.html

[[tools."github:WGUNDERWOOD/tex-fmt"]]
version = "0.5.6"
backend = "github:WGUNDERWOOD/tex-fmt"

[tools."github:WGUNDERWOOD/tex-fmt"."platforms.linux-arm64"]
checksum = "sha256:40db5966f5526ff409e5d59a41622b9d92ba5fbf1d0a5cf991ebc03eca18a862"
url = "https://github.com/WGUNDERWOOD/tex-fmt/releases/download/v0.5.6/tex-fmt-aarch64-linux.tar.gz"
url_api = "https://api.github.com/repos/WGUNDERWOOD/tex-fmt/releases/assets/301031683"

[tools."github:WGUNDERWOOD/tex-fmt"."platforms.linux-arm64-musl"]
checksum = "sha256:40db5966f5526ff409e5d59a41622b9d92ba5fbf1d0a5cf991ebc03eca18a862"
url = "https://github.com/WGUNDERWOOD/tex-fmt/releases/download/v0.5.6/tex-fmt-aarch64-linux.tar.gz"
url_api = "https://api.github.com/repos/WGUNDERWOOD/tex-fmt/releases/assets/301031683"

[tools."github:WGUNDERWOOD/tex-fmt"."platforms.linux-x64"]
checksum = "sha256:f174edeec250bdc53fc14b3138a7452c0bf2e26651de650ae348fdaa1383d18b"
url = "https://github.com/WGUNDERWOOD/tex-fmt/releases/download/v0.5.6/tex-fmt-x86_64-alpine.tar.gz"
url_api = "https://api.github.com/repos/WGUNDERWOOD/tex-fmt/releases/assets/301031687"

[tools."github:WGUNDERWOOD/tex-fmt"."platforms.linux-x64-musl"]
checksum = "sha256:f174edeec250bdc53fc14b3138a7452c0bf2e26651de650ae348fdaa1383d18b"
url = "https://github.com/WGUNDERWOOD/tex-fmt/releases/download/v0.5.6/tex-fmt-x86_64-alpine.tar.gz"
url_api = "https://api.github.com/repos/WGUNDERWOOD/tex-fmt/releases/assets/301031687"

[tools."github:WGUNDERWOOD/tex-fmt"."platforms.macos-arm64"]
checksum = "sha256:d392309a18299bb5cfe938a1a02a601c930b7bcd0437a7ae78812e967734e4a1"
url = "https://github.com/WGUNDERWOOD/tex-fmt/releases/download/v0.5.6/tex-fmt-aarch64-macos.tar.gz"
url_api = "https://api.github.com/repos/WGUNDERWOOD/tex-fmt/releases/assets/301031681"

[tools."github:WGUNDERWOOD/tex-fmt"."platforms.macos-x64"]
checksum = "sha256:a083e2cbcd59aae359f3e9f9e1b165bbba298458a5490dd60d00a39c7d9ba414"
url = "https://github.com/WGUNDERWOOD/tex-fmt/releases/download/v0.5.6/tex-fmt-x86_64-macos.tar.gz"
url_api = "https://api.github.com/repos/WGUNDERWOOD/tex-fmt/releases/assets/301031680"

[tools."github:WGUNDERWOOD/tex-fmt"."platforms.windows-x64"]
checksum = "sha256:7b0d3373374f61668f5a61726cd3f9cd4b96b1bbb15610f0c935b572cc6aa5fb"
url = "https://github.com/WGUNDERWOOD/tex-fmt/releases/download/v0.5.6/tex-fmt-x86_64-windows.zip"
url_api = "https://api.github.com/repos/WGUNDERWOOD/tex-fmt/releases/assets/301031674"

[[tools."github:orhun/git-cliff"]]
version = "2.12.0"
backend = "github:orhun/git-cliff"

[tools."github:orhun/git-cliff"."platforms.linux-arm64"]
checksum = "sha256:9d7aa3c1a860d9c9813458fcdd1846e2859c560d86c7b401e5e58dc10790f94b"
url = "https://github.com/orhun/git-cliff/releases/download/v2.12.0/git-cliff-2.12.0-aarch64-unknown-linux-gnu.tar.gz"
url_api = "https://api.github.com/repos/orhun/git-cliff/releases/assets/343377984"

[tools."github:orhun/git-cliff"."platforms.linux-arm64-musl"]
checksum = "sha256:a2d262b389aed349e0564aaaa38a44015c98a951048923b086d6cf732f6dbbaf"
url = "https://github.com/orhun/git-cliff/releases/download/v2.12.0/git-cliff-2.12.0-aarch64-unknown-linux-musl.tar.gz"
url_api = "https://api.github.com/repos/orhun/git-cliff/releases/assets/343378026"

[tools."github:orhun/git-cliff"."platforms.linux-x64"]
checksum = "sha256:6241bd23554daf527ca8ff0dc475a272b0155bede8a000e7a9d74b771036a7bd"
url = "https://github.com/orhun/git-cliff/releases/download/v2.12.0/git-cliff-2.12.0-x86_64-unknown-linux-gnu.tar.gz"
url_api = "https://api.github.com/repos/orhun/git-cliff/releases/assets/343377955"

[tools."github:orhun/git-cliff"."platforms.linux-x64-musl"]
checksum = "sha256:c89a7bc55f3c51f391938aa3fa560125109695c1930d927879daea68dd786420"
url = "https://github.com/orhun/git-cliff/releases/download/v2.12.0/git-cliff-2.12.0-x86_64-unknown-linux-musl.tar.gz"
url_api = "https://api.github.com/repos/orhun/git-cliff/releases/assets/343378176"

[tools."github:orhun/git-cliff"."platforms.macos-arm64"]
checksum = "sha256:2ae72a0061bee98d0e375f2ea8e0f4b23b4915ac2e37fa45a705066de49b43a0"
url = "https://github.com/orhun/git-cliff/releases/download/v2.12.0/git-cliff-2.12.0-aarch64-apple-darwin.tar.gz"
url_api = "https://api.github.com/repos/orhun/git-cliff/releases/assets/343378832"

[tools."github:orhun/git-cliff"."platforms.macos-x64"]
checksum = "sha256:fd4bce35ea8a6f3af6ac4891073781ca24c654c36c83c865bc30bab332c05a14"
url = "https://github.com/orhun/git-cliff/releases/download/v2.12.0/git-cliff-2.12.0-x86_64-apple-darwin.tar.gz"
url_api = "https://api.github.com/repos/orhun/git-cliff/releases/assets/343379425"

[tools."github:orhun/git-cliff"."platforms.windows-x64"]
checksum = "sha256:f2b8c692d9488c3313d7786e2099976151c10fd8f76580b12d045bb9683a8379"
url = "https://github.com/orhun/git-cliff/releases/download/v2.12.0/git-cliff-2.12.0-x86_64-pc-windows-msvc.zip"
url_api = "https://api.github.com/repos/orhun/git-cliff/releases/assets/343380021"

[[tools.hk]]
version = "1.38.0"
backend = "aqua:jdx/hk"

[tools.hk."platforms.linux-arm64"]
checksum = "sha256:c012fea4a0cd9659088c10601c3ae085c5ac4407eeeaa442ced1913a5f26f8a7"
url = "https://github.com/jdx/hk/releases/download/v1.38.0/hk-aarch64-unknown-linux-gnu.tar.gz"

[tools.hk."platforms.linux-arm64-musl"]
checksum = "sha256:c012fea4a0cd9659088c10601c3ae085c5ac4407eeeaa442ced1913a5f26f8a7"
url = "https://github.com/jdx/hk/releases/download/v1.38.0/hk-aarch64-unknown-linux-gnu.tar.gz"

[tools.hk."platforms.linux-x64"]
checksum = "sha256:cb34efc1829a1d59c0cd526be494a9f01b36d1c9965087cff09a09f32d129431"
url = "https://github.com/jdx/hk/releases/download/v1.38.0/hk-x86_64-unknown-linux-gnu.tar.gz"

[tools.hk."platforms.linux-x64-musl"]
checksum = "sha256:cb34efc1829a1d59c0cd526be494a9f01b36d1c9965087cff09a09f32d129431"
url = "https://github.com/jdx/hk/releases/download/v1.38.0/hk-x86_64-unknown-linux-gnu.tar.gz"

[tools.hk."platforms.macos-arm64"]
checksum = "sha256:02421d12f8a706d5753eec1652f966c8df90bf810e4153b3a560f4038c784529"
url = "https://github.com/jdx/hk/releases/download/v1.38.0/hk-aarch64-apple-darwin.tar.gz"

[tools.hk."platforms.windows-x64"]
checksum = "sha256:3850e253ebe3b13b6932e951606eafe56801031c663437d656a49dc0ab9fdbf4"
url = "https://github.com/jdx/hk/releases/download/v1.38.0/hk-x86_64-pc-windows-msvc.zip"

[[tools."pipx:bibfish"]]
version = "0.3.4"
backend = "pipx:bibfish"

[[tools.pkl]]
version = "0.31.0"
backend = "aqua:apple/pkl"

[tools.pkl."platforms.linux-arm64"]
checksum = "sha256:471460cdd11e1cb9ac0a5401fdb05277ae3adb3a4573cc0a9c63ee087c1f93c8"
url = "https://github.com/apple/pkl/releases/download/0.31.0/pkl-linux-aarch64"

[tools.pkl."platforms.linux-arm64-musl"]
checksum = "sha256:471460cdd11e1cb9ac0a5401fdb05277ae3adb3a4573cc0a9c63ee087c1f93c8"
url = "https://github.com/apple/pkl/releases/download/0.31.0/pkl-linux-aarch64"

[tools.pkl."platforms.linux-x64"]
checksum = "sha256:5a5c2a889b68ca92ff4258f9d277f92412b98dfef5057daef7564202a20870b6"
url = "https://github.com/apple/pkl/releases/download/0.31.0/pkl-linux-amd64"

[tools.pkl."platforms.linux-x64-musl"]
checksum = "sha256:5a5c2a889b68ca92ff4258f9d277f92412b98dfef5057daef7564202a20870b6"
url = "https://github.com/apple/pkl/releases/download/0.31.0/pkl-linux-amd64"

[tools.pkl."platforms.macos-arm64"]
checksum = "sha256:349402ae32c35382c034b0c0af744ffb0d53a213888c44deec94a7810e144889"
url = "https://github.com/apple/pkl/releases/download/0.31.0/pkl-macos-aarch64"

[tools.pkl."platforms.macos-x64"]
checksum = "sha256:9f1cc8e3ac2327bc483b90d0c220da20eb785c3ba3fe92e021f47d3d56768282"
url = "https://github.com/apple/pkl/releases/download/0.31.0/pkl-macos-amd64"

[tools.pkl."platforms.windows-x64"]
checksum = "sha256:37d35ce8a165766502fb13799071d4cefa84d39fb455c75c471b47b9b5d12b04"
url = "https://github.com/apple/pkl/releases/download/0.31.0/pkl-windows-amd64.exe"

[[tools.taplo]]
version = "0.10.0"
backend = "aqua:tamasfe/taplo"

[tools.taplo."platforms.linux-arm64"]
url = "https://github.com/tamasfe/taplo/releases/download/0.10.0/taplo-linux-aarch64.gz"

[tools.taplo."platforms.linux-arm64-musl"]
url = "https://github.com/tamasfe/taplo/releases/download/0.10.0/taplo-linux-aarch64.gz"

[tools.taplo."platforms.linux-x64"]
url = "https://github.com/tamasfe/taplo/releases/download/0.10.0/taplo-linux-x86_64.gz"

[tools.taplo."platforms.linux-x64-musl"]
url = "https://github.com/tamasfe/taplo/releases/download/0.10.0/taplo-linux-x86_64.gz"

[tools.taplo."platforms.macos-arm64"]
url = "https://github.com/tamasfe/taplo/releases/download/0.10.0/taplo-darwin-aarch64.gz"

[tools.taplo."platforms.macos-x64"]
url = "https://github.com/tamasfe/taplo/releases/download/0.10.0/taplo-darwin-x86_64.gz"

[tools.taplo."platforms.windows-x64"]
url = "https://github.com/tamasfe/taplo/releases/download/0.10.0/taplo-windows-x86_64.zip"

[[tools.tinytex]]
version = "2026.03.02"
backend = "asdf:tinytex"
